// !$*UTF8*$!
{
	archiveVersion = 1;
	classes = {
	};
	objectVersion = 56;
	objects = {

/* Begin PBXBuildFile section */
		0EA0DE432A3431DA00ADF43A /* BrainBurstApp.swift in Sources */ = {isa = PBXBuildFile; fileRef = 0EA0DE422A3431DA00ADF43A /* BrainBurstApp.swift */; };
		0EA0DE452A3431DA00ADF43A /* ContentView.swift in Sources */ = {isa = PBXBuildFile; fileRef = 0EA0DE442A3431DA00ADF43A /* ContentView.swift */; };
		0EA0DE472A3431DB00ADF43A /* Assets.xcassets in Resources */ = {isa = PBXBuildFile; fileRef = 0EA0DE462A3431DB00ADF43A /* Assets.xcassets */; };
		0EA0DE4A2A3431DB00ADF43A /* Preview Assets.xcassets in Resources */ = {isa = PBXBuildFile; fileRef = 0EA0DE492A3431DB00ADF43A /* Preview Assets.xcassets */; };
		0EA0DE522A34320D00ADF43A /* Player.swift in Sources */ = {isa = PBXBuildFile; fileRef = 0EA0DE512A34320D00ADF43A /* Player.swift */; };
		0EA0DE572A343A6600ADF43A /* Quiz.swift in Sources */ = {isa = PBXBuildFile; fileRef = 0EA0DE562A343A6600ADF43A /* Quiz.swift */; };
		0EA0DE592A343EA700ADF43A /* MentalArithmetic.swift in Sources */ = {isa = PBXBuildFile; fileRef = 0EA0DE582A343EA700ADF43A /* MentalArithmetic.swift */; };
		0EA0DE5F2A3447C500ADF43A /* GameManager.swift in Sources */ = {isa = PBXBuildFile; fileRef = 0EA0DE5E2A3447C500ADF43A /* GameManager.swift */; };
		4073CC152A3444A100BDC0B5 /* images.xcassets in Resources */ = {isa = PBXBuildFile; fileRef = 4073CC142A3444A100BDC0B5 /* images.xcassets */; };
		4073CC172A3444AB00BDC0B5 /* Utils.swift in Sources */ = {isa = PBXBuildFile; fileRef = 4073CC162A3444AB00BDC0B5 /* Utils.swift */; };
		4073CC1B2A34451800BDC0B5 /* ShrePlay.swift in Sources */ = {isa = PBXBuildFile; fileRef = 4073CC1A2A34451800BDC0B5 /* ShrePlay.swift */; };
		4073CC282A344B5F00BDC0B5 /* GameResultHistory.swift in Sources */ = {isa = PBXBuildFile; fileRef = 4073CC272A344B5F00BDC0B5 /* GameResultHistory.swift */; };
/* End PBXBuildFile section */

/* Begin PBXFileReference section */
		0EA0DE3F2A3431DA00ADF43A /* BrainBurst.app */ = {isa = PBXFileReference; explicitFileType = wrapper.application; includeInIndex = 0; path = BrainBurst.app; sourceTree = BUILT_PRODUCTS_DIR; };
		0EA0DE422A3431DA00ADF43A /* BrainBurstApp.swift */ = {isa = PBXFileReference; lastKnownFileType = sourcecode.swift; path = BrainBurstApp.swift; sourceTree = "<group>"; };
		0EA0DE442A3431DA00ADF43A /* ContentView.swift */ = {isa = PBXFileReference; lastKnownFileType = sourcecode.swift; path = ContentView.swift; sourceTree = "<group>"; };
		0EA0DE462A3431DB00ADF43A /* Assets.xcassets */ = {isa = PBXFileReference; lastKnownFileType = folder.assetcatalog; path = Assets.xcassets; sourceTree = "<group>"; };
		0EA0DE492A3431DB00ADF43A /* Preview Assets.xcassets */ = {isa = PBXFileReference; lastKnownFileType = folder.assetcatalog; path = "Preview Assets.xcassets"; sourceTree = "<group>"; };
		0EA0DE512A34320D00ADF43A /* Player.swift */ = {isa = PBXFileReference; lastKnownFileType = sourcecode.swift; path = Player.swift; sourceTree = "<group>"; };
		0EA0DE562A343A6600ADF43A /* Quiz.swift */ = {isa = PBXFileReference; lastKnownFileType = sourcecode.swift; path = Quiz.swift; sourceTree = "<group>"; };
		0EA0DE582A343EA700ADF43A /* MentalArithmetic.swift */ = {isa = PBXFileReference; lastKnownFileType = sourcecode.swift; path = MentalArithmetic.swift; sourceTree = "<group>"; };
		0EA0DE5E2A3447C500ADF43A /* GameManager.swift */ = {isa = PBXFileReference; fileEncoding = 4; lastKnownFileType = sourcecode.swift; name = GameManager.swift; path = BrainBurst/Game/GameManager.swift; sourceTree = SOURCE_ROOT; };
		4073CC142A3444A100BDC0B5 /* images.xcassets */ = {isa = PBXFileReference; lastKnownFileType = folder.assetcatalog; path = images.xcassets; sourceTree = "<group>"; };
		4073CC162A3444AB00BDC0B5 /* Utils.swift */ = {isa = PBXFileReference; lastKnownFileType = sourcecode.swift; path = Utils.swift; sourceTree = "<group>"; };
		4073CC1A2A34451800BDC0B5 /* ShrePlay.swift */ = {isa = PBXFileReference; lastKnownFileType = sourcecode.swift; path = ShrePlay.swift; sourceTree = "<group>"; };
		4073CC272A344B5F00BDC0B5 /* GameResultHistory.swift */ = {isa = PBXFileReference; lastKnownFileType = sourcecode.swift; path = GameResultHistory.swift; sourceTree = "<group>"; };
/* End PBXFileReference section */

/* Begin PBXFrameworksBuildPhase section */
		0EA0DE3C2A3431DA00ADF43A /* Frameworks */ = {
			isa = PBXFrameworksBuildPhase;
			buildActionMask = 2147483647;
			files = (
			);
			runOnlyForDeploymentPostprocessing = 0;
		};
/* End PBXFrameworksBuildPhase section */

/* Begin PBXGroup section */
		0EA0DE362A3431D900ADF43A = {
			isa = PBXGroup;
			children = (
				0EA0DE412A3431DA00ADF43A /* BrainBurst */,
				0EA0DE402A3431DA00ADF43A /* Products */,
			);
			sourceTree = "<group>";
		};
		0EA0DE402A3431DA00ADF43A /* Products */ = {
			isa = PBXGroup;
			children = (
				0EA0DE3F2A3431DA00ADF43A /* BrainBurst.app */,
			);
			name = Products;
			sourceTree = "<group>";
		};
		0EA0DE412A3431DA00ADF43A /* BrainBurst */ = {
			isa = PBXGroup;
			children = (
				4073CC092A34424C00BDC0B5 /* Resources */,
				4073CC0E2A34436900BDC0B5 /* Common */,
				4073CC082A34424A00BDC0B5 /* Core */,
				4073CC072A34424600BDC0B5 /* Views */,
				0EA0DE422A3431DA00ADF43A /* BrainBurstApp.swift */,
				0EA0DE442A3431DA00ADF43A /* ContentView.swift */,
				0EA0DE462A3431DB00ADF43A /* Assets.xcassets */,
				0EA0DE482A3431DB00ADF43A /* Preview Content */,
			);
			path = BrainBurst;
			sourceTree = "<group>";
		};
		0EA0DE482A3431DB00ADF43A /* Preview Content */ = {
			isa = PBXGroup;
			children = (
				0EA0DE492A3431DB00ADF43A /* Preview Assets.xcassets */,
			);
			path = "Preview Content";
			sourceTree = "<group>";
		};
		0EA0DE502A34320500ADF43A /* Entity */ = {
			isa = PBXGroup;
			children = (
				0EA0DE512A34320D00ADF43A /* Player.swift */,
			);
			path = Entity;
			sourceTree = "<group>";
		};
		0EA0DE542A343A4100ADF43A /* Game */ = {
			isa = PBXGroup;
			children = (
				0EA0DE562A343A6600ADF43A /* Quiz.swift */,
				0EA0DE5E2A3447C500ADF43A /* GameManager.swift */,
				0EA0DE582A343EA700ADF43A /* MentalArithmetic.swift */,
			);
			path = Game;
			sourceTree = "<group>";
		};
		4073CC072A34424600BDC0B5 /* Views */ = {
			isa = PBXGroup;
			children = (
				0EA0DE542A343A4100ADF43A /* Game */,
			);
			path = Views;
			sourceTree = "<group>";
		};
		4073CC082A34424A00BDC0B5 /* Core */ = {
			isa = PBXGroup;
			children = (
				4073CC0D2A3442B700BDC0B5 /* SharePlay */,
				4073CC0C2A34425E00BDC0B5 /* SwiftData */,
				0EA0DE502A34320500ADF43A /* Entity */,
			);
			path = Core;
			sourceTree = "<group>";
		};
		4073CC092A34424C00BDC0B5 /* Resources */ = {
			isa = PBXGroup;
			children = (
				4073CC0A2A34425400BDC0B5 /* images */,
			);
			path = Resources;
			sourceTree = "<group>";
		};
		4073CC0A2A34425400BDC0B5 /* images */ = {
			isa = PBXGroup;
			children = (
				4073CC142A3444A100BDC0B5 /* images.xcassets */,
			);
			path = images;
			sourceTree = "<group>";
		};
		4073CC0C2A34425E00BDC0B5 /* SwiftData */ = {
			isa = PBXGroup;
			children = (
				4073CC272A344B5F00BDC0B5 /* GameResultHistory.swift */,
			);
			path = SwiftData;
			sourceTree = "<group>";
		};
		4073CC0D2A3442B700BDC0B5 /* SharePlay */ = {
			isa = PBXGroup;
			children = (
				4073CC1A2A34451800BDC0B5 /* ShrePlay.swift */,
			);
			path = SharePlay;
			sourceTree = "<group>";
		};
		4073CC0E2A34436900BDC0B5 /* Common */ = {
			isa = PBXGroup;
			children = (
				4073CC0F2A34436B00BDC0B5 /* Utils */,
			);
			path = Common;
			sourceTree = "<group>";
		};
		4073CC0F2A34436B00BDC0B5 /* Utils */ = {
			isa = PBXGroup;
			children = (
				4073CC162A3444AB00BDC0B5 /* Utils.swift */,
			);
			path = Utils;
			sourceTree = "<group>";
		};
/* End PBXGroup section */

/* Begin PBXNativeTarget section */
		0EA0DE3E2A3431DA00ADF43A /* BrainBurst */ = {
			isa = PBXNativeTarget;
			buildConfigurationList = 0EA0DE4D2A3431DB00ADF43A /* Build configuration list for PBXNativeTarget "BrainBurst" */;
			buildPhases = (
				0EA0DE3B2A3431DA00ADF43A /* Sources */,
				0EA0DE3C2A3431DA00ADF43A /* Frameworks */,
				0EA0DE3D2A3431DA00ADF43A /* Resources */,
			);
			buildRules = (
			);
			dependencies = (
			);
			name = BrainBurst;
			productName = BrainBurst;
			productReference = 0EA0DE3F2A3431DA00ADF43A /* BrainBurst.app */;
			productType = "com.apple.product-type.application";
		};
/* End PBXNativeTarget section */

/* Begin PBXProject section */
		0EA0DE372A3431D900ADF43A /* Project object */ = {
			isa = PBXProject;
			attributes = {
				BuildIndependentTargetsInParallel = 1;
				LastSwiftUpdateCheck = 1500;
				LastUpgradeCheck = 1500;
				TargetAttributes = {
					0EA0DE3E2A3431DA00ADF43A = {
						CreatedOnToolsVersion = 15.0;
					};
				};
			};
			buildConfigurationList = 0EA0DE3A2A3431D900ADF43A /* Build configuration list for PBXProject "BrainBurst" */;
			compatibilityVersion = "Xcode 14.0";
			developmentRegion = en;
			hasScannedForEncodings = 0;
			knownRegions = (
				en,
				Base,
			);
			mainGroup = 0EA0DE362A3431D900ADF43A;
			productRefGroup = 0EA0DE402A3431DA00ADF43A /* Products */;
			projectDirPath = "";
			projectRoot = "";
			targets = (
				0EA0DE3E2A3431DA00ADF43A /* BrainBurst */,
			);
		};
/* End PBXProject section */

/* Begin PBXResourcesBuildPhase section */
		0EA0DE3D2A3431DA00ADF43A /* Resources */ = {
			isa = PBXResourcesBuildPhase;
			buildActionMask = 2147483647;
			files = (
				4073CC152A3444A100BDC0B5 /* images.xcassets in Resources */,
				0EA0DE4A2A3431DB00ADF43A /* Preview Assets.xcassets in Resources */,
				0EA0DE472A3431DB00ADF43A /* Assets.xcassets in Resources */,
			);
			runOnlyForDeploymentPostprocessing = 0;
		};
/* End PBXResourcesBuildPhase section */

/* Begin PBXSourcesBuildPhase section */
		0EA0DE3B2A3431DA00ADF43A /* Sources */ = {
			isa = PBXSourcesBuildPhase;
			buildActionMask = 2147483647;
			files = (
				0EA0DE452A3431DA00ADF43A /* ContentView.swift in Sources */,
				0EA0DE5F2A3447C500ADF43A /* GameManager.swift in Sources */,
				4073CC1B2A34451800BDC0B5 /* ShrePlay.swift in Sources */,
				0EA0DE592A343EA700ADF43A /* MentalArithmetic.swift in Sources */,
				0EA0DE522A34320D00ADF43A /* Player.swift in Sources */,
				0EA0DE572A343A6600ADF43A /* Quiz.swift in Sources */,
				0EA0DE432A3431DA00ADF43A /* BrainBurstApp.swift in Sources */,
				4073CC282A344B5F00BDC0B5 /* GameResultHistory.swift in Sources */,
				4073CC172A3444AB00BDC0B5 /* Utils.swift in Sources */,
			);
			runOnlyForDeploymentPostprocessing = 0;
		};
/* End PBXSourcesBuildPhase section */

/* Begin XCBuildConfiguration section */
		0EA0DE4B2A3431DB00ADF43A /* Debug */ = {
			isa = XCBuildConfiguration;
			buildSettings = {
				ALWAYS_SEARCH_USER_PATHS = NO;
				ASSETCATALOG_COMPILER_GENERATE_SWIFT_ASSET_SYMBOL_EXTENSIONS = YES;
				CLANG_ANALYZER_NONNULL = YES;
				CLANG_ANALYZER_NUMBER_OBJECT_CONVERSION = YES_AGGRESSIVE;
				CLANG_CXX_LANGUAGE_STANDARD = "gnu++20";
				CLANG_ENABLE_MODULES = YES;
				CLANG_ENABLE_OBJC_ARC = YES;
				CLANG_ENABLE_OBJC_WEAK = YES;
				CLANG_WARN_BLOCK_CAPTURE_AUTORELEASING = YES;
				CLANG_WARN_BOOL_CONVERSION = YES;
				CLANG_WARN_COMMA = YES;
				CLANG_WARN_CONSTANT_CONVERSION = YES;
				CLANG_WARN_DEPRECATED_OBJC_IMPLEMENTATIONS = YES;
				CLANG_WARN_DIRECT_OBJC_ISA_USAGE = YES_ERROR;
				CLANG_WARN_DOCUMENTATION_COMMENTS = YES;
				CLANG_WARN_EMPTY_BODY = YES;
				CLANG_WARN_ENUM_CONVERSION = YES;
				CLANG_WARN_INFINITE_RECURSION = YES;
				CLANG_WARN_INT_CONVERSION = YES;
				CLANG_WARN_NON_LITERAL_NULL_CONVERSION = YES;
				CLANG_WARN_OBJC_IMPLICIT_RETAIN_SELF = YES;
				CLANG_WARN_OBJC_LITERAL_CONVERSION = YES;
				CLANG_WARN_OBJC_ROOT_CLASS = YES_ERROR;
				CLANG_WARN_QUOTED_INCLUDE_IN_FRAMEWORK_HEADER = YES;
				CLANG_WARN_RANGE_LOOP_ANALYSIS = YES;
				CLANG_WARN_STRICT_PROTOTYPES = YES;
				CLANG_WARN_SUSPICIOUS_MOVE = YES;
				CLANG_WARN_UNGUARDED_AVAILABILITY = YES_AGGRESSIVE;
				CLANG_WARN_UNREACHABLE_CODE = YES;
				CLANG_WARN__DUPLICATE_METHOD_MATCH = YES;
				COPY_PHASE_STRIP = NO;
				DEBUG_INFORMATION_FORMAT = dwarf;
				ENABLE_STRICT_OBJC_MSGSEND = YES;
				ENABLE_TESTABILITY = YES;
				ENABLE_USER_SCRIPT_SANDBOXING = YES;
				GCC_C_LANGUAGE_STANDARD = gnu17;
				GCC_DYNAMIC_NO_PIC = NO;
				GCC_NO_COMMON_BLOCKS = YES;
				GCC_OPTIMIZATION_LEVEL = 0;
				GCC_PREPROCESSOR_DEFINITIONS = (
					"DEBUG=1",
					"$(inherited)",
				);
				GCC_WARN_64_TO_32_BIT_CONVERSION = YES;
				GCC_WARN_ABOUT_RETURN_TYPE = YES_ERROR;
				GCC_WARN_UNDECLARED_SELECTOR = YES;
				GCC_WARN_UNINITIALIZED_AUTOS = YES_AGGRESSIVE;
				GCC_WARN_UNUSED_FUNCTION = YES;
				GCC_WARN_UNUSED_VARIABLE = YES;
				IPHONEOS_DEPLOYMENT_TARGET = 17.0;
				LOCALIZATION_PREFERS_STRING_CATALOGS = YES;
				MTL_ENABLE_DEBUG_INFO = INCLUDE_SOURCE;
				MTL_FAST_MATH = YES;
				ONLY_ACTIVE_ARCH = YES;
				SDKROOT = iphoneos;
				SWIFT_ACTIVE_COMPILATION_CONDITIONS = "DEBUG $(inherited)";
				SWIFT_OPTIMIZATION_LEVEL = "-Onone";
			};
			name = Debug;
		};
		0EA0DE4C2A3431DB00ADF43A /* Release */ = {
			isa = XCBuildConfiguration;
			buildSettings = {
				ALWAYS_SEARCH_USER_PATHS = NO;
				ASSETCATALOG_COMPILER_GENERATE_SWIFT_ASSET_SYMBOL_EXTENSIONS = YES;
				CLANG_ANALYZER_NONNULL = YES;
				CLANG_ANALYZER_NUMBER_OBJECT_CONVERSION = YES_AGGRESSIVE;
				CLANG_CXX_LANGUAGE_STANDARD = "gnu++20";
				CLANG_ENABLE_MODULES = YES;
				CLANG_ENABLE_OBJC_ARC = YES;
				CLANG_ENABLE_OBJC_WEAK = YES;
				CLANG_WARN_BLOCK_CAPTURE_AUTORELEASING = YES;
				CLANG_WARN_BOOL_CONVERSION = YES;
				CLANG_WARN_COMMA = YES;
				CLANG_WARN_CONSTANT_CONVERSION = YES;
				CLANG_WARN_DEPRECATED_OBJC_IMPLEMENTATIONS = YES;
				CLANG_WARN_DIRECT_OBJC_ISA_USAGE = YES_ERROR;
				CLANG_WARN_DOCUMENTATION_COMMENTS = YES;
				CLANG_WARN_EMPTY_BODY = YES;
				CLANG_WARN_ENUM_CONVERSION = YES;
				CLANG_WARN_INFINITE_RECURSION = YES;
				CLANG_WARN_INT_CONVERSION = YES;
				CLANG_WARN_NON_LITERAL_NULL_CONVERSION = YES;
				CLANG_WARN_OBJC_IMPLICIT_RETAIN_SELF = YES;
				CLANG_WARN_OBJC_LITERAL_CONVERSION = YES;
				CLANG_WARN_OBJC_ROOT_CLASS = YES_ERROR;
				CLANG_WARN_QUOTED_INCLUDE_IN_FRAMEWORK_HEADER = YES;
				CLANG_WARN_RANGE_LOOP_ANALYSIS = YES;
				CLANG_WARN_STRICT_PROTOTYPES = YES;
				CLANG_WARN_SUSPICIOUS_MOVE = YES;
				CLANG_WARN_UNGUARDED_AVAILABILITY = YES_AGGRESSIVE;
				CLANG_WARN_UNREACHABLE_CODE = YES;
				CLANG_WARN__DUPLICATE_METHOD_MATCH = YES;
				COPY_PHASE_STRIP = NO;
				DEBUG_INFORMATION_FORMAT = "dwarf-with-dsym";
				ENABLE_NS_ASSERTIONS = NO;
				ENABLE_STRICT_OBJC_MSGSEND = YES;
				ENABLE_USER_SCRIPT_SANDBOXING = YES;
				GCC_C_LANGUAGE_STANDARD = gnu17;
				GCC_NO_COMMON_BLOCKS = YES;
				GCC_WARN_64_TO_32_BIT_CONVERSION = YES;
				GCC_WARN_ABOUT_RETURN_TYPE = YES_ERROR;
				GCC_WARN_UNDECLARED_SELECTOR = YES;
				GCC_WARN_UNINITIALIZED_AUTOS = YES_AGGRESSIVE;
				GCC_WARN_UNUSED_FUNCTION = YES;
				GCC_WARN_UNUSED_VARIABLE = YES;
				IPHONEOS_DEPLOYMENT_TARGET = 17.0;
				LOCALIZATION_PREFERS_STRING_CATALOGS = YES;
				MTL_ENABLE_DEBUG_INFO = NO;
				MTL_FAST_MATH = YES;
				SDKROOT = iphoneos;
				SWIFT_COMPILATION_MODE = wholemodule;
				VALIDATE_PRODUCT = YES;
			};
			name = Release;
		};
		0EA0DE4E2A3431DB00ADF43A /* Debug */ = {
			isa = XCBuildConfiguration;
			buildSettings = {
				ASSETCATALOG_COMPILER_APPICON_NAME = AppIcon;
				ASSETCATALOG_COMPILER_GLOBAL_ACCENT_COLOR_NAME = AccentColor;
				CODE_SIGN_STYLE = Automatic;
				CURRENT_PROJECT_VERSION = 1;
				DEVELOPMENT_ASSET_PATHS = "\"BrainBurst/Preview Content\"";
				DEVELOPMENT_TEAM = 8PRV428ULN;
				ENABLE_PREVIEWS = YES;
				GENERATE_INFOPLIST_FILE = YES;
				INFOPLIST_KEY_UIApplicationSceneManifest_Generation = YES;
				INFOPLIST_KEY_UIApplicationSupportsIndirectInputEvents = YES;
				INFOPLIST_KEY_UILaunchScreen_Generation = YES;
				INFOPLIST_KEY_UISupportedInterfaceOrientations_iPad = "UIInterfaceOrientationPortrait UIInterfaceOrientationPortraitUpsideDown UIInterfaceOrientationLandscapeLeft UIInterfaceOrientationLandscapeRight";
				INFOPLIST_KEY_UISupportedInterfaceOrientations_iPhone = "UIInterfaceOrientationPortrait UIInterfaceOrientationLandscapeLeft UIInterfaceOrientationLandscapeRight";
				LD_RUNPATH_SEARCH_PATHS = (
					"$(inherited)",
					"@executable_path/Frameworks",
				);
				MARKETING_VERSION = 1.0;
				PRODUCT_BUNDLE_IDENTIFIER = "com.J-Min.BrainBurst";
				PRODUCT_NAME = "$(TARGET_NAME)";
				SWIFT_EMIT_LOC_STRINGS = YES;
				SWIFT_VERSION = 5.0;
				TARGETED_DEVICE_FAMILY = "1,2";
			};
			name = Debug;
		};
		0EA0DE4F2A3431DB00ADF43A /* Release */ = {
			isa = XCBuildConfiguration;
			buildSettings = {
				ASSETCATALOG_COMPILER_APPICON_NAME = AppIcon;
				ASSETCATALOG_COMPILER_GLOBAL_ACCENT_COLOR_NAME = AccentColor;
				CODE_SIGN_STYLE = Automatic;
				CURRENT_PROJECT_VERSION = 1;
				DEVELOPMENT_ASSET_PATHS = "\"BrainBurst/Preview Content\"";
				DEVELOPMENT_TEAM = 8PRV428ULN;
				ENABLE_PREVIEWS = YES;
				GENERATE_INFOPLIST_FILE = YES;
				INFOPLIST_KEY_UIApplicationSceneManifest_Generation = YES;
				INFOPLIST_KEY_UIApplicationSupportsIndirectInputEvents = YES;
				INFOPLIST_KEY_UILaunchScreen_Generation = YES;
				INFOPLIST_KEY_UISupportedInterfaceOrientations_iPad = "UIInterfaceOrientationPortrait UIInterfaceOrientationPortraitUpsideDown UIInterfaceOrientationLandscapeLeft UIInterfaceOrientationLandscapeRight";
				INFOPLIST_KEY_UISupportedInterfaceOrientations_iPhone = "UIInterfaceOrientationPortrait UIInterfaceOrientationLandscapeLeft UIInterfaceOrientationLandscapeRight";
				LD_RUNPATH_SEARCH_PATHS = (
					"$(inherited)",
					"@executable_path/Frameworks",
				);
				MARKETING_VERSION = 1.0;
				PRODUCT_BUNDLE_IDENTIFIER = "com.J-Min.BrainBurst";
				PRODUCT_NAME = "$(TARGET_NAME)";
				SWIFT_EMIT_LOC_STRINGS = YES;
				SWIFT_VERSION = 5.0;
				TARGETED_DEVICE_FAMILY = "1,2";
			};
			name = Release;
		};
/* End XCBuildConfiguration section */

/* Begin XCConfigurationList section */
		0EA0DE3A2A3431D900ADF43A /* Build configuration list for PBXProject "BrainBurst" */ = {
			isa = XCConfigurationList;
			buildConfigurations = (
				0EA0DE4B2A3431DB00ADF43A /* Debug */,
				0EA0DE4C2A3431DB00ADF43A /* Release */,
			);
			defaultConfigurationIsVisible = 0;
			defaultConfigurationName = Release;
		};
		0EA0DE4D2A3431DB00ADF43A /* Build configuration list for PBXNativeTarget "BrainBurst" */ = {
			isa = XCConfigurationList;
			buildConfigurations = (
				0EA0DE4E2A3431DB00ADF43A /* Debug */,
				0EA0DE4F2A3431DB00ADF43A /* Release */,
			);
			defaultConfigurationIsVisible = 0;
			defaultConfigurationName = Release;
		};
/* End XCConfigurationList section */
	};
	rootObject = 0EA0DE372A3431D900ADF43A /* Project object */;
}
